
Microsoft Visual Studio Solution File, Format Version 12.00
# Visual Studio Version 16
VisualStudioVersion = 16.0.29905.134
MinimumVisualStudioVersion = 10.0.40219.1
Project("{FAE04EC0-301F-11D3-BF4B-00C04F79EFBC}") = "CSharp_LINQ", "CSharp_LINQ\CSharp_LINQ.csproj", "{C95791CA-4AB5-481D-8501-A5E97EFF5CAF}"
EndProject
Global
	GlobalSection(SolutionConfigurationPlatforms) = preSolution
		Debug|Any CPU = Debug|Any CPU
		Release|Any CPU = Release|Any CPU
	EndGlobalSection
	GlobalSection(ProjectConfigurationPlatforms) = postSolution
		{C95791CA-4AB5-481D-8501-A5E97EFF5CAF}.Debug|Any CPU.ActiveCfg = Debug|Any CPU
		{C95791CA-4AB5-481D-8501-A5E97EFF5CAF}.Debug|Any CPU.Build.0 = Debug|Any CPU
		{C95791CA-4AB5-481D-8501-A5E97EFF5CAF}.Release|Any CPU.ActiveCfg = Release|Any CPU
		{C95791CA-4AB5-481D-8501-A5E97EFF5CAF}.Release|Any CPU.Build.0 = Release|Any CPU
	EndGlobalSection
	GlobalSection(SolutionProperties) = preSolution
		HideSolutionNode = FALSE
	EndGlobalSection
	GlobalSection(ExtensibilityGlobals) = postSolution
		SolutionGuid = {29170171-D83E-4BCB-A79A-D28962BA0D72}
	EndGlobalSection
EndGlobal
